
Microsoft Visual Studio Solution File, Format Version 12.00
# Visual Studio Version 16
VisualStudioVersion = 16.0.31205.134
MinimumVisualStudioVersion = 10.0.40219.1
Project("{8BC9CEB8-8B4A-11D0-8D11-00A0C91BC942}") = "Factory", "Factory\Factory.vcxproj", "{AC9880E2-FC1D-440A-A7F0-3F7CE0294D1E}"
EndProject
Project("{8BC9CEB8-8B4A-11D0-8D11-00A0C91BC942}") = "Abstract Pattern", "Abstract Pattern\Abstract Pattern.vcxproj", "{A40CD1A6-6A49-4667-AB26-33EA037912EF}"
EndProject
Project("{8BC9CEB8-8B4A-11D0-8D11-00A0C91BC942}") = "Builder", "Builder\Builder.vcxproj", "{BA32713B-6C1D-4EA1-8E06-8B46064AA0E1}"
EndProject
Project("{8BC9CEB8-8B4A-11D0-8D11-00A0C91BC942}") = "Adapter", "Adapter\Adapter.vcxproj", "{243126D9-79C1-4F7C-8D02-DB0B86A0AC14}"
EndProject
Project("{8BC9CEB8-8B4A-11D0-8D11-00A0C91BC942}") = "Iterator", "Iterator\Iterator.vcxproj", "{D265F8EA-776F-40C1-B7B4-F57348EF0AB3}"
EndProject
Project("{8BC9CEB8-8B4A-11D0-8D11-00A0C91BC942}") = "Observer", "Observer\Observer.vcxproj", "{2ECAE13B-A1CF-4476-A61F-79375A6822C7}"
EndProject
Global
	GlobalSection(SolutionConfigurationPlatforms) = preSolution
		Debug|x64 = Debug|x64
		Debug|x86 = Debug|x86
		Release|x64 = Release|x64
		Release|x86 = Release|x86
	EndGlobalSection
	GlobalSection(ProjectConfigurationPlatforms) = postSolution
		{AC9880E2-FC1D-440A-A7F0-3F7CE0294D1E}.Debug|x64.ActiveCfg = Debug|x64
		{AC9880E2-FC1D-440A-A7F0-3F7CE0294D1E}.Debug|x64.Build.0 = Debug|x64
		{AC9880E2-FC1D-440A-A7F0-3F7CE0294D1E}.Debug|x86.ActiveCfg = Debug|Win32
		{AC9880E2-FC1D-440A-A7F0-3F7CE0294D1E}.Debug|x86.Build.0 = Debug|Win32
		{AC9880E2-FC1D-440A-A7F0-3F7CE0294D1E}.Release|x64.ActiveCfg = Release|x64
		{AC9880E2-FC1D-440A-A7F0-3F7CE0294D1E}.Release|x64.Build.0 = Release|x64
		{AC9880E2-FC1D-440A-A7F0-3F7CE0294D1E}.Release|x86.ActiveCfg = Release|Win32
		{AC9880E2-FC1D-440A-A7F0-3F7CE0294D1E}.Release|x86.Build.0 = Release|Win32
		{A40CD1A6-6A49-4667-AB26-33EA037912EF}.Debug|x64.ActiveCfg = Debug|x64
		{A40CD1A6-6A49-4667-AB26-33EA037912EF}.Debug|x64.Build.0 = Debug|x64
		{A40CD1A6-6A49-4667-AB26-33EA037912EF}.Debug|x86.ActiveCfg = Debug|Win32
		{A40CD1A6-6A49-4667-AB26-33EA037912EF}.Debug|x86.Build.0 = Debug|Win32
		{A40CD1A6-6A49-4667-AB26-33EA037912EF}.Release|x64.ActiveCfg = Release|x64
		{A40CD1A6-6A49-4667-AB26-33EA037912EF}.Release|x64.Build.0 = Release|x64
		{A40CD1A6-6A49-4667-AB26-33EA037912EF}.Release|x86.ActiveCfg = Release|Win32
		{A40CD1A6-6A49-4667-AB26-33EA037912EF}.Release|x86.Build.0 = Release|Win32
		{BA32713B-6C1D-4EA1-8E06-8B46064AA0E1}.Debug|x64.ActiveCfg = Debug|x64
		{BA32713B-6C1D-4EA1-8E06-8B46064AA0E1}.Debug|x64.Build.0 = Debug|x64
		{BA32713B-6C1D-4EA1-8E06-8B46064AA0E1}.Debug|x86.ActiveCfg = Debug|Win32
		{BA32713B-6C1D-4EA1-8E06-8B46064AA0E1}.Debug|x86.Build.0 = Debug|Win32
		{BA32713B-6C1D-4EA1-8E06-8B46064AA0E1}.Release|x64.ActiveCfg = Release|x64
		{BA32713B-6C1D-4EA1-8E06-8B46064AA0E1}.Release|x64.Build.0 = Release|x64
		{BA32713B-6C1D-4EA1-8E06-8B46064AA0E1}.Release|x86.ActiveCfg = Release|Win32
		{BA32713B-6C1D-4EA1-8E06-8B46064AA0E1}.Release|x86.Build.0 = Release|Win32
		{243126D9-79C1-4F7C-8D02-DB0B86A0AC14}.Debug|x64.ActiveCfg = Debug|x64
		{243126D9-79C1-4F7C-8D02-DB0B86A0AC14}.Debug|x64.Build.0 = Debug|x64
		{243126D9-79C1-4F7C-8D02-DB0B86A0AC14}.Debug|x86.ActiveCfg = Debug|Win32
		{243126D9-79C1-4F7C-8D02-DB0B86A0AC14}.Debug|x86.Build.0 = Debug|Win32
		{243126D9-79C1-4F7C-8D02-DB0B86A0AC14}.Release|x64.ActiveCfg = Release|x64
		{243126D9-79C1-4F7C-8D02-DB0B86A0AC14}.Release|x64.Build.0 = Release|x64
		{243126D9-79C1-4F7C-8D02-DB0B86A0AC14}.Release|x86.ActiveCfg = Release|Win32
		{243126D9-79C1-4F7C-8D02-DB0B86A0AC14}.Release|x86.Build.0 = Release|Win32
		{D265F8EA-776F-40C1-B7B4-F57348EF0AB3}.Debug|x64.ActiveCfg = Debug|x64
		{D265F8EA-776F-40C1-B7B4-F57348EF0AB3}.Debug|x64.Build.0 = Debug|x64
		{D265F8EA-776F-40C1-B7B4-F57348EF0AB3}.Debug|x86.ActiveCfg = Debug|Win32
		{D265F8EA-776F-40C1-B7B4-F57348EF0AB3}.Debug|x86.Build.0 = Debug|Win32
		{D265F8EA-776F-40C1-B7B4-F57348EF0AB3}.Release|x64.ActiveCfg = Release|x64
		{D265F8EA-776F-40C1-B7B4-F57348EF0AB3}.Release|x64.Build.0 = Release|x64
		{D265F8EA-776F-40C1-B7B4-F57348EF0AB3}.Release|x86.ActiveCfg = Release|Win32
		{D265F8EA-776F-40C1-B7B4-F57348EF0AB3}.Release|x86.Build.0 = Release|Win32
		{2ECAE13B-A1CF-4476-A61F-79375A6822C7}.Debug|x64.ActiveCfg = Debug|x64
		{2ECAE13B-A1CF-4476-A61F-79375A6822C7}.Debug|x64.Build.0 = Debug|x64
		{2ECAE13B-A1CF-4476-A61F-79375A6822C7}.Debug|x86.ActiveCfg = Debug|Win32
		{2ECAE13B-A1CF-4476-A61F-79375A6822C7}.Debug|x86.Build.0 = Debug|Win32
		{2ECAE13B-A1CF-4476-A61F-79375A6822C7}.Release|x64.ActiveCfg = Release|x64
		{2ECAE13B-A1CF-4476-A61F-79375A6822C7}.Release|x64.Build.0 = Release|x64
		{2ECAE13B-A1CF-4476-A61F-79375A6822C7}.Release|x86.ActiveCfg = Release|Win32
		{2ECAE13B-A1CF-4476-A61F-79375A6822C7}.Release|x86.Build.0 = Release|Win32
	EndGlobalSection
	GlobalSection(SolutionProperties) = preSolution
		HideSolutionNode = FALSE
	EndGlobalSection
	GlobalSection(ExtensibilityGlobals) = postSolution
		SolutionGuid = {1E066EBB-8A9B-4C30-8575-F448FD3CB79F}
	EndGlobalSection
EndGlobal
